
Microsoft Visual Studio Solution File, Format Version 12.00
# Visual Studio 15
VisualStudioVersion = 15.0.27703.2018
MinimumVisualStudioVersion = 10.0.40219.1
Project("{FAE04EC0-301F-11D3-BF4B-00C04F79EFBC}") = "CloudflareDynDNS", "CloudflareDynDNS\CloudflareDynDNS.csproj", "{27A037D8-3354-499C-8640-ED489D996A48}"
EndProject
Global
	GlobalSection(SolutionConfigurationPlatforms) = preSolution
		Debug|Any CPU = Debug|Any CPU
		Release|Any CPU = Release|Any CPU
	EndGlobalSection
	GlobalSection(ProjectConfigurationPlatforms) = postSolution
		{27A037D8-3354-499C-8640-ED489D996A48}.Debug|Any CPU.ActiveCfg = Debug|Any CPU
		{27A037D8-3354-499C-8640-ED489D996A48}.Debug|Any CPU.Build.0 = Debug|Any CPU
		{27A037D8-3354-499C-8640-ED489D996A48}.Release|Any CPU.ActiveCfg = Release|Any CPU
		{27A037D8-3354-499C-8640-ED489D996A48}.Release|Any CPU.Build.0 = Release|Any CPU
	EndGlobalSection
	GlobalSection(SolutionProperties) = preSolution
		HideSolutionNode = FALSE
	EndGlobalSection
	GlobalSection(ExtensibilityGlobals) = postSolution
		SolutionGuid = {EB5B781B-D18C-499A-A877-D6E2127DB40B}
	EndGlobalSection
EndGlobal
