
Microsoft Visual Studio Solution File, Format Version 12.00
# Visual Studio Version 17
VisualStudioVersion = 17.0.31903.59
MinimumVisualStudioVersion = 10.0.40219.1
Project("{2150E333-8FDC-42A3-9474-1A3956D46DE8}") = "Solution Items", "Solution Items", "{FC25574C-FBB2-4324-B9D6-C1D46B87B74A}"
	ProjectSection(SolutionItems) = preProject
		Directory.Build.props = Directory.Build.props
		LICENSE = LICENSE
		README.md = README.md
	EndProjectSection
EndProject
Project("{9A19103F-16F7-4668-BE54-9A1E7A4F7556}") = "DnsTube.Gui", "DnsTube\DnsTube.Gui.csproj", "{860BC53C-BE90-4F70-8B5A-0061A1C124DB}"
	ProjectSection(ProjectDependencies) = postProject
		{B1BFDFCB-338D-4AF8-B214-E9205B3D713B} = {B1BFDFCB-338D-4AF8-B214-E9205B3D713B}
	EndProjectSection
EndProject
Project("{9A19103F-16F7-4668-BE54-9A1E7A4F7556}") = "DnsTube.Service", "DnsTubeService\DnsTube.Service.csproj", "{54F91335-A5A6-43ED-98CD-7DAB3743366B}"
	ProjectSection(ProjectDependencies) = postProject
		{B1BFDFCB-338D-4AF8-B214-E9205B3D713B} = {B1BFDFCB-338D-4AF8-B214-E9205B3D713B}
	EndProjectSection
EndProject
Project("{FAE04EC0-301F-11D3-BF4B-00C04F79EFBC}") = "DnsTube.Core", "DnsTube.Core\DnsTube.Core.csproj", "{B1BFDFCB-338D-4AF8-B214-E9205B3D713B}"
EndProject
Global
	GlobalSection(SolutionConfigurationPlatforms) = preSolution
		Debug|Any CPU = Debug|Any CPU
		Release|Any CPU = Release|Any CPU
	EndGlobalSection
	GlobalSection(ProjectConfigurationPlatforms) = postSolution
		{860BC53C-BE90-4F70-8B5A-0061A1C124DB}.Debug|Any CPU.ActiveCfg = Debug|Any CPU
		{860BC53C-BE90-4F70-8B5A-0061A1C124DB}.Debug|Any CPU.Build.0 = Debug|Any CPU
		{860BC53C-BE90-4F70-8B5A-0061A1C124DB}.Release|Any CPU.ActiveCfg = Release|Any CPU
		{860BC53C-BE90-4F70-8B5A-0061A1C124DB}.Release|Any CPU.Build.0 = Release|Any CPU
		{54F91335-A5A6-43ED-98CD-7DAB3743366B}.Debug|Any CPU.ActiveCfg = Debug|Any CPU
		{54F91335-A5A6-43ED-98CD-7DAB3743366B}.Debug|Any CPU.Build.0 = Debug|Any CPU
		{54F91335-A5A6-43ED-98CD-7DAB3743366B}.Release|Any CPU.ActiveCfg = Release|Any CPU
		{54F91335-A5A6-43ED-98CD-7DAB3743366B}.Release|Any CPU.Build.0 = Release|Any CPU
		{B1BFDFCB-338D-4AF8-B214-E9205B3D713B}.Debug|Any CPU.ActiveCfg = Debug|Any CPU
		{B1BFDFCB-338D-4AF8-B214-E9205B3D713B}.Debug|Any CPU.Build.0 = Debug|Any CPU
		{B1BFDFCB-338D-4AF8-B214-E9205B3D713B}.Release|Any CPU.ActiveCfg = Release|Any CPU
		{B1BFDFCB-338D-4AF8-B214-E9205B3D713B}.Release|Any CPU.Build.0 = Release|Any CPU
	EndGlobalSection
	GlobalSection(SolutionProperties) = preSolution
		HideSolutionNode = FALSE
	EndGlobalSection
	GlobalSection(ExtensibilityGlobals) = postSolution
		SolutionGuid = {EB5B781B-D18C-499A-A877-D6E2127DB40B}
	EndGlobalSection
EndGlobal
